
Microsoft Visual Studio Solution File, Format Version 12.00
# Visual Studio Version 16
VisualStudioVersion = 16.0.31129.286
MinimumVisualStudioVersion = 10.0.40219.1
Project("{FAE04EC0-301F-11D3-BF4B-00C04F79EFBC}") = "AntiCheat", "AntiCheat\AntiCheat.csproj", "{CA33A3B8-68B5-48CA-A5F1-51449F62D5A2}"
EndProject
Global
	GlobalSection(SolutionConfigurationPlatforms) = preSolution
		Debug|Any CPU = Debug|Any CPU
		Release|Any CPU = Release|Any CPU
	EndGlobalSection
	GlobalSection(ProjectConfigurationPlatforms) = postSolution
		{CA33A3B8-68B5-48CA-A5F1-51449F62D5A2}.Debug|Any CPU.ActiveCfg = Debug|Any CPU
		{CA33A3B8-68B5-48CA-A5F1-51449F62D5A2}.Debug|Any CPU.Build.0 = Debug|Any CPU
		{CA33A3B8-68B5-48CA-A5F1-51449F62D5A2}.Release|Any CPU.ActiveCfg = Release|Any CPU
		{CA33A3B8-68B5-48CA-A5F1-51449F62D5A2}.Release|Any CPU.Build.0 = Release|Any CPU
	EndGlobalSection
	GlobalSection(SolutionProperties) = preSolution
		HideSolutionNode = FALSE
	EndGlobalSection
	GlobalSection(ExtensibilityGlobals) = postSolution
		SolutionGuid = {A620AD1D-7842-4DDA-B5E2-D3C9898B23FF}
	EndGlobalSection
EndGlobal
